
Microsoft Visual Studio Solution File, Format Version 12.00
# Visual Studio Version 17
VisualStudioVersion = 17.6.33829.357
MinimumVisualStudioVersion = 10.0.40219.1
Project("{FAE04EC0-301F-11D3-BF4B-00C04F79EFBC}") = "TimeTracking.API", "TimeTracking.API\TimeTracking.API.csproj", "{90197406-F9C4-493E-9592-BBE03CD43613}"
EndProject
Project("{FAE04EC0-301F-11D3-BF4B-00C04F79EFBC}") = "TimeTracking.Data", "TimeTracking.Data\TimeTracking.Data.csproj", "{CF91522B-EDF8-4B0C-A4E3-5B1159CA692E}"
EndProject
Project("{FAE04EC0-301F-11D3-BF4B-00C04F79EFBC}") = "TimeTracking.Services", "TimeTracking.Services\TimeTracking.Services.csproj", "{A7CC79D0-8BE9-44C3-9918-2496C33EBFFB}"
EndProject
Global
	GlobalSection(SolutionConfigurationPlatforms) = preSolution
		Debug|Any CPU = Debug|Any CPU
		Release|Any CPU = Release|Any CPU
	EndGlobalSection
	GlobalSection(ProjectConfigurationPlatforms) = postSolution
		{90197406-F9C4-493E-9592-BBE03CD43613}.Debug|Any CPU.ActiveCfg = Debug|Any CPU
		{90197406-F9C4-493E-9592-BBE03CD43613}.Debug|Any CPU.Build.0 = Debug|Any CPU
		{90197406-F9C4-493E-9592-BBE03CD43613}.Release|Any CPU.ActiveCfg = Release|Any CPU
		{90197406-F9C4-493E-9592-BBE03CD43613}.Release|Any CPU.Build.0 = Release|Any CPU
		{CF91522B-EDF8-4B0C-A4E3-5B1159CA692E}.Debug|Any CPU.ActiveCfg = Debug|Any CPU
		{CF91522B-EDF8-4B0C-A4E3-5B1159CA692E}.Debug|Any CPU.Build.0 = Debug|Any CPU
		{CF91522B-EDF8-4B0C-A4E3-5B1159CA692E}.Release|Any CPU.ActiveCfg = Release|Any CPU
		{CF91522B-EDF8-4B0C-A4E3-5B1159CA692E}.Release|Any CPU.Build.0 = Release|Any CPU
		{A7CC79D0-8BE9-44C3-9918-2496C33EBFFB}.Debug|Any CPU.ActiveCfg = Debug|Any CPU
		{A7CC79D0-8BE9-44C3-9918-2496C33EBFFB}.Debug|Any CPU.Build.0 = Debug|Any CPU
		{A7CC79D0-8BE9-44C3-9918-2496C33EBFFB}.Release|Any CPU.ActiveCfg = Release|Any CPU
		{A7CC79D0-8BE9-44C3-9918-2496C33EBFFB}.Release|Any CPU.Build.0 = Release|Any CPU
	EndGlobalSection
	GlobalSection(SolutionProperties) = preSolution
		HideSolutionNode = FALSE
	EndGlobalSection
	GlobalSection(ExtensibilityGlobals) = postSolution
		SolutionGuid = {891224E3-8734-4EEF-8605-29E01100E669}
	EndGlobalSection
EndGlobal
